<?xml version="1.0" encoding="utf-8"?>
<Project ToolsVersion="4.0" xmlns="http://schemas.microsoft.com/developer/msbuild/2003">
  <ItemGroup>
    <Filter Include="源文件">
      <UniqueIdentifier>{4FC737F1-C7A5-4376-A066-2A32D752A2FF}</UniqueIdentifier>
      <Extensions>cpp;c;cc;cxx;def;odl;idl;hpj;bat;asm;asmx</Extensions>
    </Filter>
    <Filter Include="头文件">
      <UniqueIdentifier>{93995380-89BD-4b04-88EB-625FBE52EBFB}</UniqueIdentifier>
      <Extensions>h;hpp;hxx;hm;inl;inc;xsd</Extensions>
    </Filter>
    <Filter Include="资源文件">
      <UniqueIdentifier>{67DA6AB6-F800-4c08-8B7A-83BB121AAD01}</UniqueIdentifier>
      <Extensions>rc;ico;cur;bmp;dlg;rc2;rct;bin;rgs;gif;jpg;jpeg;jpe;resx;tiff;tif;png;wav;mfcribbon-ms</Extensions>
    </Filter>
    <Filter Include="头文件\skin_analysis">
      <UniqueIdentifier>{6686e082-ab19-44be-9689-06def2a1269d}</UniqueIdentifier>
    </Filter>
    <Filter Include="源文件\skin_analysis">
      <UniqueIdentifier>{02dbc5df-bc27-4199-aa03-4397073acdae}</UniqueIdentifier>
    </Filter>
  </ItemGroup>
  <ItemGroup>
    <None Include="ReadMe.txt" />
  </ItemGroup>
  <ItemGroup>
    <ClInclude Include="stdafx.h">
      <Filter>头文件</Filter>
    </ClInclude>
    <ClInclude Include="targetver.h">
      <Filter>头文件</Filter>
    </ClInclude>
    <ClInclude Include="image_process.h">
      <Filter>头文件\skin_analysis</Filter>
    </ClInclude>
    <ClInclude Include="skin_analysis.h">
      <Filter>头文件\skin_analysis</Filter>
    </ClInclude>
    <ClInclude Include="skin_polarity.h">
      <Filter>头文件\skin_analysis</Filter>
    </ClInclude>
  </ItemGroup>
  <ItemGroup>
    <ClCompile Include="stdafx.cpp">
      <Filter>源文件</Filter>
    </ClCompile>
    <ClCompile Include="UnitTest.cpp">
      <Filter>源文件</Filter>
    </ClCompile>
    <ClCompile Include="image_process.cpp">
      <Filter>源文件\skin_analysis</Filter>
    </ClCompile>
    <ClCompile Include="skin_analysis.cpp">
      <Filter>源文件\skin_analysis</Filter>
    </ClCompile>
    <ClCompile Include="skin_polarity.cpp">
      <Filter>源文件\skin_analysis</Filter>
    </ClCompile>
  </ItemGroup>
</Project>